
Microsoft Visual Studio Solution File, Format Version 12.00
# Visual Studio Version 17
VisualStudioVersion = 17.7.34202.233
MinimumVisualStudioVersion = 10.0.40219.1
Project("{9A19103F-16F7-4668-BE54-9A1E7A4F7556}") = "CustomerInfo", "CustomerInfo\CustomerInfo.csproj", "{B3A1DBAB-1EA4-4B94-BAAA-2AC9AEA19C88}"
EndProject
Project("{9A19103F-16F7-4668-BE54-9A1E7A4F7556}") = "Repositories", "Repositories\Repositories.csproj", "{940BE438-F7A9-4C85-92BC-EBF4B3EA0607}"
EndProject
Project("{9A19103F-16F7-4668-BE54-9A1E7A4F7556}") = "Services", "Services\Services.csproj", "{6A6CC566-B047-4DB4-8700-1ED6AFBAC650}"
EndProject
Project("{9A19103F-16F7-4668-BE54-9A1E7A4F7556}") = "Service.Tests", "Service.Tests\Service.Tests.csproj", "{A7430A64-A411-485E-932E-5429892AF3DB}"
EndProject
Project("{FAE04EC0-301F-11D3-BF4B-00C04F79EFBC}") = "Repositories.Test", "Repositories.Test\Repositories.Test.csproj", "{750DB336-8786-4D1C-8C80-77AB20076441}"
EndProject
Global
	GlobalSection(SolutionConfigurationPlatforms) = preSolution
		Debug|Any CPU = Debug|Any CPU
		Release|Any CPU = Release|Any CPU
	EndGlobalSection
	GlobalSection(ProjectConfigurationPlatforms) = postSolution
		{B3A1DBAB-1EA4-4B94-BAAA-2AC9AEA19C88}.Debug|Any CPU.ActiveCfg = Debug|Any CPU
		{B3A1DBAB-1EA4-4B94-BAAA-2AC9AEA19C88}.Debug|Any CPU.Build.0 = Debug|Any CPU
		{B3A1DBAB-1EA4-4B94-BAAA-2AC9AEA19C88}.Release|Any CPU.ActiveCfg = Release|Any CPU
		{B3A1DBAB-1EA4-4B94-BAAA-2AC9AEA19C88}.Release|Any CPU.Build.0 = Release|Any CPU
		{940BE438-F7A9-4C85-92BC-EBF4B3EA0607}.Debug|Any CPU.ActiveCfg = Debug|Any CPU
		{940BE438-F7A9-4C85-92BC-EBF4B3EA0607}.Debug|Any CPU.Build.0 = Debug|Any CPU
		{940BE438-F7A9-4C85-92BC-EBF4B3EA0607}.Release|Any CPU.ActiveCfg = Release|Any CPU
		{940BE438-F7A9-4C85-92BC-EBF4B3EA0607}.Release|Any CPU.Build.0 = Release|Any CPU
		{6A6CC566-B047-4DB4-8700-1ED6AFBAC650}.Debug|Any CPU.ActiveCfg = Debug|Any CPU
		{6A6CC566-B047-4DB4-8700-1ED6AFBAC650}.Debug|Any CPU.Build.0 = Debug|Any CPU
		{6A6CC566-B047-4DB4-8700-1ED6AFBAC650}.Release|Any CPU.ActiveCfg = Release|Any CPU
		{6A6CC566-B047-4DB4-8700-1ED6AFBAC650}.Release|Any CPU.Build.0 = Release|Any CPU
		{A7430A64-A411-485E-932E-5429892AF3DB}.Debug|Any CPU.ActiveCfg = Debug|Any CPU
		{A7430A64-A411-485E-932E-5429892AF3DB}.Debug|Any CPU.Build.0 = Debug|Any CPU
		{A7430A64-A411-485E-932E-5429892AF3DB}.Release|Any CPU.ActiveCfg = Release|Any CPU
		{A7430A64-A411-485E-932E-5429892AF3DB}.Release|Any CPU.Build.0 = Release|Any CPU
		{750DB336-8786-4D1C-8C80-77AB20076441}.Debug|Any CPU.ActiveCfg = Debug|Any CPU
		{750DB336-8786-4D1C-8C80-77AB20076441}.Debug|Any CPU.Build.0 = Debug|Any CPU
		{750DB336-8786-4D1C-8C80-77AB20076441}.Release|Any CPU.ActiveCfg = Release|Any CPU
		{750DB336-8786-4D1C-8C80-77AB20076441}.Release|Any CPU.Build.0 = Release|Any CPU
	EndGlobalSection
	GlobalSection(SolutionProperties) = preSolution
		HideSolutionNode = FALSE
	EndGlobalSection
	GlobalSection(ExtensibilityGlobals) = postSolution
		SolutionGuid = {07EEC074-3F53-436C-8973-D9CA1F74E4D9}
	EndGlobalSection
EndGlobal
